
Microsoft Visual Studio Solution File, Format Version 12.00
# Visual Studio 15
VisualStudioVersion = 15.0.25807.0
MinimumVisualStudioVersion = 10.0.40219.1
Project("{2150E333-8FDC-42A3-9474-1A3956D46DE8}") = "Engine", "Engine", "{516CC08F-FE07-46E9-9367-4A39D80D30B8}"
EndProject
Project("{2150E333-8FDC-42A3-9474-1A3956D46DE8}") = "Games", "Games", "{00EEA4CE-BAB1-4D66-A4D0-737581F02C49}"
EndProject
Project("{8BC9CEB8-8B4A-11D0-8D11-00A0C91BC942}") = "UE4", "Intermediate\ProjectFiles\UE4.vcxproj", "{B4B239C1-C12A-45FE-9901-519A6107FA43}"
EndProject
Project("{8BC9CEB8-8B4A-11D0-8D11-00A0C91BC942}") = "BuildingEscape", "Intermediate\ProjectFiles\BuildingEscape.vcxproj", "{0A8E636F-3FAD-486A-9B17-7AD04C78A787}"
EndProject
Global
	GlobalSection(SolutionConfigurationPlatforms) = preSolution
		DebugGame Editor|HTML5 = DebugGame Editor|HTML5
		DebugGame Editor|Win32 = DebugGame Editor|Win32
		DebugGame Editor|Win64 = DebugGame Editor|Win64
		DebugGame|HTML5 = DebugGame|HTML5
		DebugGame|Win32 = DebugGame|Win32
		DebugGame|Win64 = DebugGame|Win64
		Development Editor|HTML5 = Development Editor|HTML5
		Development Editor|Win32 = Development Editor|Win32
		Development Editor|Win64 = Development Editor|Win64
		Development|HTML5 = Development|HTML5
		Development|Win32 = Development|Win32
		Development|Win64 = Development|Win64
		Shipping|HTML5 = Shipping|HTML5
		Shipping|Win32 = Shipping|Win32
		Shipping|Win64 = Shipping|Win64
	EndGlobalSection
	GlobalSection(ProjectConfigurationPlatforms) = postSolution
		{B4B239C1-C12A-45FE-9901-519A6107FA43}.DebugGame Editor|HTML5.ActiveCfg = BuiltWithUnrealBuildTool|Win32
		{B4B239C1-C12A-45FE-9901-519A6107FA43}.DebugGame Editor|HTML5.Build.0 = BuiltWithUnrealBuildTool|Win32
		{B4B239C1-C12A-45FE-9901-519A6107FA43}.DebugGame Editor|Win32.ActiveCfg = BuiltWithUnrealBuildTool|Win32
		{B4B239C1-C12A-45FE-9901-519A6107FA43}.DebugGame Editor|Win32.Build.0 = BuiltWithUnrealBuildTool|Win32
		{B4B239C1-C12A-45FE-9901-519A6107FA43}.DebugGame Editor|Win64.ActiveCfg = BuiltWithUnrealBuildTool|Win32
		{B4B239C1-C12A-45FE-9901-519A6107FA43}.DebugGame Editor|Win64.Build.0 = BuiltWithUnrealBuildTool|Win32
		{B4B239C1-C12A-45FE-9901-519A6107FA43}.DebugGame|HTML5.ActiveCfg = BuiltWithUnrealBuildTool|Win32
		{B4B239C1-C12A-45FE-9901-519A6107FA43}.DebugGame|HTML5.Build.0 = BuiltWithUnrealBuildTool|Win32
		{B4B239C1-C12A-45FE-9901-519A6107FA43}.DebugGame|Win32.ActiveCfg = BuiltWithUnrealBuildTool|Win32
		{B4B239C1-C12A-45FE-9901-519A6107FA43}.DebugGame|Win32.Build.0 = BuiltWithUnrealBuildTool|Win32
		{B4B239C1-C12A-45FE-9901-519A6107FA43}.DebugGame|Win64.ActiveCfg = BuiltWithUnrealBuildTool|Win32
		{B4B239C1-C12A-45FE-9901-519A6107FA43}.DebugGame|Win64.Build.0 = BuiltWithUnrealBuildTool|Win32
		{B4B239C1-C12A-45FE-9901-519A6107FA43}.Development Editor|HTML5.ActiveCfg = BuiltWithUnrealBuildTool|Win32
		{B4B239C1-C12A-45FE-9901-519A6107FA43}.Development Editor|HTML5.Build.0 = BuiltWithUnrealBuildTool|Win32
		{B4B239C1-C12A-45FE-9901-519A6107FA43}.Development Editor|Win32.ActiveCfg = BuiltWithUnrealBuildTool|Win32
		{B4B239C1-C12A-45FE-9901-519A6107FA43}.Development Editor|Win32.Build.0 = BuiltWithUnrealBuildTool|Win32
		{B4B239C1-C12A-45FE-9901-519A6107FA43}.Development Editor|Win64.ActiveCfg = BuiltWithUnrealBuildTool|Win32
		{B4B239C1-C12A-45FE-9901-519A6107FA43}.Development Editor|Win64.Build.0 = BuiltWithUnrealBuildTool|Win32
		{B4B239C1-C12A-45FE-9901-519A6107FA43}.Development|HTML5.ActiveCfg = BuiltWithUnrealBuildTool|Win32
		{B4B239C1-C12A-45FE-9901-519A6107FA43}.Development|HTML5.Build.0 = BuiltWithUnrealBuildTool|Win32
		{B4B239C1-C12A-45FE-9901-519A6107FA43}.Development|Win32.ActiveCfg = BuiltWithUnrealBuildTool|Win32
		{B4B239C1-C12A-45FE-9901-519A6107FA43}.Development|Win32.Build.0 = BuiltWithUnrealBuildTool|Win32
		{B4B239C1-C12A-45FE-9901-519A6107FA43}.Development|Win64.ActiveCfg = BuiltWithUnrealBuildTool|Win32
		{B4B239C1-C12A-45FE-9901-519A6107FA43}.Development|Win64.Build.0 = BuiltWithUnrealBuildTool|Win32
		{B4B239C1-C12A-45FE-9901-519A6107FA43}.Shipping|HTML5.ActiveCfg = BuiltWithUnrealBuildTool|Win32
		{B4B239C1-C12A-45FE-9901-519A6107FA43}.Shipping|HTML5.Build.0 = BuiltWithUnrealBuildTool|Win32
		{B4B239C1-C12A-45FE-9901-519A6107FA43}.Shipping|Win32.ActiveCfg = BuiltWithUnrealBuildTool|Win32
		{B4B239C1-C12A-45FE-9901-519A6107FA43}.Shipping|Win32.Build.0 = BuiltWithUnrealBuildTool|Win32
		{B4B239C1-C12A-45FE-9901-519A6107FA43}.Shipping|Win64.ActiveCfg = BuiltWithUnrealBuildTool|Win32
		{B4B239C1-C12A-45FE-9901-519A6107FA43}.Shipping|Win64.Build.0 = BuiltWithUnrealBuildTool|Win32
		{0A8E636F-3FAD-486A-9B17-7AD04C78A787}.DebugGame Editor|HTML5.ActiveCfg = HTML5_DebugGame_Editor|Win32
		{0A8E636F-3FAD-486A-9B17-7AD04C78A787}.DebugGame Editor|Win32.ActiveCfg = DebugGame_Editor|Win32
		{0A8E636F-3FAD-486A-9B17-7AD04C78A787}.DebugGame Editor|Win64.ActiveCfg = DebugGame_Editor|x64
		{0A8E636F-3FAD-486A-9B17-7AD04C78A787}.DebugGame Editor|Win64.Build.0 = DebugGame_Editor|x64
		{0A8E636F-3FAD-486A-9B17-7AD04C78A787}.DebugGame|HTML5.ActiveCfg = HTML5_DebugGame_Game|Win32
		{0A8E636F-3FAD-486A-9B17-7AD04C78A787}.DebugGame|HTML5.Build.0 = HTML5_DebugGame_Game|Win32
		{0A8E636F-3FAD-486A-9B17-7AD04C78A787}.DebugGame|Win32.ActiveCfg = DebugGame_Game|Win32
		{0A8E636F-3FAD-486A-9B17-7AD04C78A787}.DebugGame|Win32.Build.0 = DebugGame_Game|Win32
		{0A8E636F-3FAD-486A-9B17-7AD04C78A787}.DebugGame|Win64.ActiveCfg = DebugGame_Game|x64
		{0A8E636F-3FAD-486A-9B17-7AD04C78A787}.DebugGame|Win64.Build.0 = DebugGame_Game|x64
		{0A8E636F-3FAD-486A-9B17-7AD04C78A787}.Development Editor|HTML5.ActiveCfg = HTML5_Development_Editor|Win32
		{0A8E636F-3FAD-486A-9B17-7AD04C78A787}.Development Editor|Win32.ActiveCfg = Development_Editor|Win32
		{0A8E636F-3FAD-486A-9B17-7AD04C78A787}.Development Editor|Win64.ActiveCfg = Development_Editor|x64
		{0A8E636F-3FAD-486A-9B17-7AD04C78A787}.Development Editor|Win64.Build.0 = Development_Editor|x64
		{0A8E636F-3FAD-486A-9B17-7AD04C78A787}.Development|HTML5.ActiveCfg = HTML5_Development_Game|Win32
		{0A8E636F-3FAD-486A-9B17-7AD04C78A787}.Development|HTML5.Build.0 = HTML5_Development_Game|Win32
		{0A8E636F-3FAD-486A-9B17-7AD04C78A787}.Development|Win32.ActiveCfg = Development_Game|Win32
		{0A8E636F-3FAD-486A-9B17-7AD04C78A787}.Development|Win32.Build.0 = Development_Game|Win32
		{0A8E636F-3FAD-486A-9B17-7AD04C78A787}.Development|Win64.ActiveCfg = Development_Game|x64
		{0A8E636F-3FAD-486A-9B17-7AD04C78A787}.Development|Win64.Build.0 = Development_Game|x64
		{0A8E636F-3FAD-486A-9B17-7AD04C78A787}.Shipping|HTML5.ActiveCfg = HTML5_Shipping_Game|Win32
		{0A8E636F-3FAD-486A-9B17-7AD04C78A787}.Shipping|HTML5.Build.0 = HTML5_Shipping_Game|Win32
		{0A8E636F-3FAD-486A-9B17-7AD04C78A787}.Shipping|Win32.ActiveCfg = Shipping_Game|Win32
		{0A8E636F-3FAD-486A-9B17-7AD04C78A787}.Shipping|Win32.Build.0 = Shipping_Game|Win32
		{0A8E636F-3FAD-486A-9B17-7AD04C78A787}.Shipping|Win64.ActiveCfg = Shipping_Game|x64
		{0A8E636F-3FAD-486A-9B17-7AD04C78A787}.Shipping|Win64.Build.0 = Shipping_Game|x64
	EndGlobalSection
	GlobalSection(SolutionProperties) = preSolution
		HideSolutionNode = FALSE
	EndGlobalSection
	GlobalSection(NestedProjects) = preSolution
		{B4B239C1-C12A-45FE-9901-519A6107FA43} = {516CC08F-FE07-46E9-9367-4A39D80D30B8}
		{0A8E636F-3FAD-486A-9B17-7AD04C78A787} = {00EEA4CE-BAB1-4D66-A4D0-737581F02C49}
	EndGlobalSection
	GlobalSection(ExtensibilityGlobals) = postSolution
		SolutionGuid = {792B02A7-A727-41B8-A901-8D3A890A880B}
	EndGlobalSection
EndGlobal
